<?xml version="1.0" encoding="utf-8"?>
<Project ToolsVersion="17.0" xmlns="http://schemas.microsoft.com/developer/msbuild/2003">
  <ItemGroup>
    <ClCompile Include="D:\Hubert\JPO\DungeonGame\src\empty.cpp">
      <Filter>Source Files</Filter>
    </ClCompile>
    <ClCompile Include="D:\Hubert\JPO\DungeonGame\src\main.cpp">
      <Filter>Source Files</Filter>
    </ClCompile>
  </ItemGroup>
  <ItemGroup>
    <ClInclude Include="D:\Hubert\JPO\DungeonGame\include\empty.h">
      <Filter>Header Files</Filter>
    </ClInclude>
    <ClInclude Include="..\include\Entity.h">
      <Filter>Header Files</Filter>
    </ClInclude>
    <ClInclude Include="..\include\Setup.h">
      <Filter>Header Files</Filter>
    </ClInclude>
  </ItemGroup>
  <ItemGroup>
    <CustomBuild Include="D:\Hubert\JPO\DungeonGame\CMakeLists.txt" />
  </ItemGroup>
  <ItemGroup>
    <Filter Include="Header Files">
      <UniqueIdentifier>{00434ECB-DE9E-3335-8F97-CBB2DFD4ABA8}</UniqueIdentifier>
    </Filter>
    <Filter Include="Source Files">
      <UniqueIdentifier>{BC038D9E-7EB4-3A2E-96A9-1BB84009DF8C}</UniqueIdentifier>
    </Filter>
  </ItemGroup>
</Project>